{
  "projects": [
    {
      "projectId": "aLuc5FJ4muSJEjCmsd2jqk",
      "branchName": "main",
      "version": "latest",
      "dependencies": {},
      "lang": "ts",
      "fileLocks": [
        {
          "type": "globalVariant",
          "assetId": "M-DHiN98BNM_uB",
          "checksum": "1973b25de8bf0a368b2bbce55bc85317"
        },
        {
          "assetId": "aLuc5FJ4muSJEjCmsd2jqk",
          "type": "projectCss",
          "checksum": "ac6f0509ff26f844d1bd7e9ac250bfc3"
        },
        {
          "type": "renderModule",
          "assetId": "i48PzqQP6wKM4",
          "checksum": "a0071104dc5eb4a168b78008acb25563"
        },
        {
          "type": "cssRules",
          "assetId": "i48PzqQP6wKM4",
          "checksum": "a0071104dc5eb4a168b78008acb25563"
        },
        {
          "type": "renderModule",
          "assetId": "DBhKpuopLwsn-",
          "checksum": "8214aaca89d7c3dded55ee166a794adb"
        },
        {
          "type": "cssRules",
          "assetId": "DBhKpuopLwsn-",
          "checksum": "8214aaca89d7c3dded55ee166a794adb"
        },
        {
          "type": "renderModule",
          "assetId": "S4xPB6uZjaHPm",
          "checksum": "9ab0a1587d4521c4e357c5102e19127e"
        },
        {
          "type": "cssRules",
          "assetId": "S4xPB6uZjaHPm",
          "checksum": "9ab0a1587d4521c4e357c5102e19127e"
        },
        {
          "type": "renderModule",
          "assetId": "stbqY-IYgyhfL",
          "checksum": "68bbe0bf2e2b0c7e27fc010962c97f4e"
        },
        {
          "type": "cssRules",
          "assetId": "stbqY-IYgyhfL",
          "checksum": "68bbe0bf2e2b0c7e27fc010962c97f4e"
        },
        {
          "type": "renderModule",
          "assetId": "DehTHguGvHgpk",
          "checksum": "48d32360e7982c616d3898e1d81cc3dd"
        },
        {
          "type": "cssRules",
          "assetId": "DehTHguGvHgpk",
          "checksum": "48d32360e7982c616d3898e1d81cc3dd"
        },
        {
          "type": "renderModule",
          "assetId": "-W1DEy09z-QHgU",
          "checksum": "b044dfa3afb62cc8caf87b6cd180c3b2"
        },
        {
          "type": "cssRules",
          "assetId": "-W1DEy09z-QHgU",
          "checksum": "b044dfa3afb62cc8caf87b6cd180c3b2"
        },
        {
          "type": "renderModule",
          "assetId": "mqufeorltNSoMb",
          "checksum": "76a1bad9fa0ce20459db83c717312eb0"
        },
        {
          "type": "cssRules",
          "assetId": "mqufeorltNSoMb",
          "checksum": "76a1bad9fa0ce20459db83c717312eb0"
        },
        {
          "type": "renderModule",
          "assetId": "9IeeU-alEyAui_",
          "checksum": "7fdbc9a936feb47b213157a950836480"
        },
        {
          "type": "cssRules",
          "assetId": "9IeeU-alEyAui_",
          "checksum": "7fdbc9a936feb47b213157a950836480"
        },
        {
          "type": "renderModule",
          "assetId": "D5VGdqPnHZovAB",
          "checksum": "34803dea0326b30e57920c40f1133316"
        },
        {
          "type": "cssRules",
          "assetId": "D5VGdqPnHZovAB",
          "checksum": "34803dea0326b30e57920c40f1133316"
        },
        {
          "type": "renderModule",
          "assetId": "ucujUGEJO5K8vq",
          "checksum": "ada3e69939ffca8b93a06812f4fb89b7"
        },
        {
          "type": "cssRules",
          "assetId": "ucujUGEJO5K8vq",
          "checksum": "ada3e69939ffca8b93a06812f4fb89b7"
        },
        {
          "type": "renderModule",
          "assetId": "s0fr9Sxe-LMR4s",
          "checksum": "96a1d448bd17b40f8bac7c4228e70ca2"
        },
        {
          "type": "cssRules",
          "assetId": "s0fr9Sxe-LMR4s",
          "checksum": "96a1d448bd17b40f8bac7c4228e70ca2"
        },
        {
          "type": "renderModule",
          "assetId": "Ty2muMsXFBuOUP",
          "checksum": "067d0d908d00e84709c2ea6c35e0c8c9"
        },
        {
          "type": "cssRules",
          "assetId": "Ty2muMsXFBuOUP",
          "checksum": "067d0d908d00e84709c2ea6c35e0c8c9"
        },
        {
          "type": "renderModule",
          "assetId": "ZNvdGnUoaq3NRC",
          "checksum": "13bc58419c604439bdf00522a113090a"
        },
        {
          "type": "cssRules",
          "assetId": "ZNvdGnUoaq3NRC",
          "checksum": "13bc58419c604439bdf00522a113090a"
        },
        {
          "type": "renderModule",
          "assetId": "LxDA-FSIo3BpwH",
          "checksum": "8f483c276dfd95ac94e50c027b1d2a95"
        },
        {
          "type": "cssRules",
          "assetId": "LxDA-FSIo3BpwH",
          "checksum": "8f483c276dfd95ac94e50c027b1d2a95"
        },
        {
          "type": "renderModule",
          "assetId": "NmSGbb5xR0qhzz",
          "checksum": "9003bfdd5fc41bbe1b43d5e4604b933e"
        },
        {
          "type": "cssRules",
          "assetId": "NmSGbb5xR0qhzz",
          "checksum": "9003bfdd5fc41bbe1b43d5e4604b933e"
        },
        {
          "type": "renderModule",
          "assetId": "WLGF1v21nHCSzM",
          "checksum": "964c0d8d4f5f96785863bcfcd0e2bd9b"
        },
        {
          "type": "cssRules",
          "assetId": "WLGF1v21nHCSzM",
          "checksum": "964c0d8d4f5f96785863bcfcd0e2bd9b"
        },
        {
          "type": "renderModule",
          "assetId": "_2cnieYvjStpmi",
          "checksum": "2407b3e47864051801e5fe009d64e214"
        },
        {
          "type": "cssRules",
          "assetId": "_2cnieYvjStpmi",
          "checksum": "2407b3e47864051801e5fe009d64e214"
        },
        {
          "type": "renderModule",
          "assetId": "EVcIvo3yX6Ts2M",
          "checksum": "12b299fde3438462ea70f96b0804b4f0"
        },
        {
          "type": "cssRules",
          "assetId": "EVcIvo3yX6Ts2M",
          "checksum": "12b299fde3438462ea70f96b0804b4f0"
        },
        {
          "type": "renderModule",
          "assetId": "eytUe1vcyvGU9q",
          "checksum": "800765227c7fccf0eaaa09281e23332d"
        },
        {
          "type": "cssRules",
          "assetId": "eytUe1vcyvGU9q",
          "checksum": "800765227c7fccf0eaaa09281e23332d"
        },
        {
          "type": "renderModule",
          "assetId": "Cdu9yYco4mGqIQ",
          "checksum": "a0904b6b3613af9fbc102eae9b197865"
        },
        {
          "type": "cssRules",
          "assetId": "Cdu9yYco4mGqIQ",
          "checksum": "a0904b6b3613af9fbc102eae9b197865"
        },
        {
          "type": "renderModule",
          "assetId": "zRW2oir-oc_kkO",
          "checksum": "900644ef2756b7a049e6681b4f2aaaf6"
        },
        {
          "type": "cssRules",
          "assetId": "zRW2oir-oc_kkO",
          "checksum": "900644ef2756b7a049e6681b4f2aaaf6"
        },
        {
          "type": "renderModule",
          "assetId": "v-Nor-joDHwHq0",
          "checksum": "5b219a67883d3f98caf653400b57d363"
        },
        {
          "type": "cssRules",
          "assetId": "v-Nor-joDHwHq0",
          "checksum": "5b219a67883d3f98caf653400b57d363"
        },
        {
          "type": "renderModule",
          "assetId": "Im3OzPt78E8hnx",
          "checksum": "85ad1f7e74a3bce4d18003ff7e8ab597"
        },
        {
          "type": "cssRules",
          "assetId": "Im3OzPt78E8hnx",
          "checksum": "85ad1f7e74a3bce4d18003ff7e8ab597"
        },
        {
          "type": "icon",
          "assetId": "wzhID7krtZ3VKP",
          "checksum": "dce1c97f3e090c70b0c247fa954533cf"
        },
        {
          "type": "icon",
          "assetId": "AAVZDp-i71oUAH",
          "checksum": "4fc11d521b10f959ae6f0b8815b0dd70"
        },
        {
          "type": "icon",
          "assetId": "dVIaBMg82cz2IT",
          "checksum": "f6a36ad4b2dabad27c5ada9e2db3b96e"
        },
        {
          "type": "icon",
          "assetId": "GY8tS9Lqbp3_vg",
          "checksum": "3ea4c0ddba4dadda4fb5ff6d47fe5c24"
        },
        {
          "type": "icon",
          "assetId": "IQ3mZPyNHDZIgD",
          "checksum": "92aafe7672b4ae331dd447b7f601b6de"
        },
        {
          "type": "icon",
          "assetId": "BphLfuHhRdflp4",
          "checksum": "611f4a237ad5ac1a3de51002a2a4a4e5"
        },
        {
          "type": "icon",
          "assetId": "fTLq7h43gxoAHE",
          "checksum": "b311e2ced38e27669124987a21309b3d"
        },
        {
          "type": "icon",
          "assetId": "1H-igGjXOT5Vfp",
          "checksum": "40ed31e612fc51b7406fa565a7c0638b"
        },
        {
          "type": "icon",
          "assetId": "3OnqktF6o1AEIw",
          "checksum": "5b70f407264a44b912c7d1553071b4ab"
        },
        {
          "type": "icon",
          "assetId": "oqCHrJb2snJykI",
          "checksum": "b04e5673f5096b6731cfa7c6c1f2c8f3"
        },
        {
          "type": "icon",
          "assetId": "lfGyoL5sUjYhbL",
          "checksum": "136fd14df12f61a7371967c428b52a45"
        },
        {
          "type": "icon",
          "assetId": "WmqIwdUBQe_wjf",
          "checksum": "455088856634661ad857da54d0e1fba4"
        },
        {
          "type": "icon",
          "assetId": "yEJDYHs5F7ecHk",
          "checksum": "151140238c67226fad0cd440fd76c799"
        },
        {
          "type": "icon",
          "assetId": "iQxNJeY76R10nm",
          "checksum": "1dc32310818c17f710e9d7f8bd3cb954"
        },
        {
          "type": "icon",
          "assetId": "X11akyThdogT-0",
          "checksum": "5007f8d66f49c949684e9e86a2974795"
        },
        {
          "type": "icon",
          "assetId": "OrBx6zVju19O8v",
          "checksum": "82dd09b7f383057edd8863d915b567bd"
        },
        {
          "type": "image",
          "assetId": "2Sj26j1bMd1czz",
          "checksum": "aa8fd7231e859563ee39218b4c5c3409"
        },
        {
          "type": "image",
          "assetId": "PTkTlMrwVgjzXk",
          "checksum": "b780dad132bcaaab3b59a1ccc79d7ea3"
        },
        {
          "type": "image",
          "assetId": "inXoQ0Ip6FNrtN",
          "checksum": "590e12b37cf62c978b64ac7114dd74b7"
        },
        {
          "type": "image",
          "assetId": "eTvacQA0hDp4z-",
          "checksum": "a66d265611aa85507886c4dc11cfbfc5"
        },
        {
          "type": "image",
          "assetId": "OrBHQQuuRQo5H4",
          "checksum": "c14e4b67072b79eee449e0c0b40f0227"
        },
        {
          "type": "image",
          "assetId": "e6bIKi69EMc-Uh",
          "checksum": "826d3fb61b53d38f7b2b208782e2f4dd"
        },
        {
          "type": "image",
          "assetId": "7XnN4rcDWlJGLy",
          "checksum": "e90db6c703d536d6aff6b2ab9c3d2d98"
        },
        {
          "type": "image",
          "assetId": "Du_kIngXzpLRDh",
          "checksum": "7b5875574308a2aeb9bf43e786169ba1"
        },
        {
          "type": "image",
          "assetId": "_TpCl2RkbSNo69",
          "checksum": "057df5655aed69aeaa34e1b5e559a161"
        },
        {
          "type": "image",
          "assetId": "oLIj1UXIgcfUCf",
          "checksum": "dc1b9508f34962431061bb1a6cbe5db2"
        },
        {
          "type": "image",
          "assetId": "vaMMOWsEHQtPMO",
          "checksum": "12fa2e9da61b97174fb44891e97e8d9a"
        },
        {
          "type": "image",
          "assetId": "apwTBqQdogXefW",
          "checksum": "8deada06ee2fc76270b0a32fc41a2622"
        },
        {
          "type": "image",
          "assetId": "5aDOZiN2xJN5Cl",
          "checksum": "997b1918f251a986a7298e0d16a072ff"
        },
        {
          "type": "image",
          "assetId": "BkhBEvoB57z7MP",
          "checksum": "dd94d073d7d43479676a1ed049c83363"
        },
        {
          "type": "image",
          "assetId": "dKhtPVF-48DBoy",
          "checksum": "2f6308035c8513f57c56d4007c07bc8c"
        },
        {
          "type": "image",
          "assetId": "sZ0A3dw90uQHle",
          "checksum": "e62a30f02a365b23bcda4169c8c6ba84"
        },
        {
          "type": "image",
          "assetId": "EjFp6m7N0swML2",
          "checksum": "2dd6498ab45f8d18c1f393107190b821"
        },
        {
          "type": "image",
          "assetId": "8Ap0rugjlu3tZP",
          "checksum": "c6254b362211fb98444cc5e766a1d003"
        },
        {
          "type": "image",
          "assetId": "q_b4uIpJzR_Lvf",
          "checksum": "0f426dcaed02d88539b3875581b4ac1b"
        },
        {
          "type": "image",
          "assetId": "dGqqMxW-LkFArH",
          "checksum": "cd75d207d724db1d66affd01a3bc4d77"
        },
        {
          "type": "image",
          "assetId": "1OBoF_ZKhzD4Ak",
          "checksum": "a2a986631c80f82f57cfbb3eb4f508ff"
        },
        {
          "type": "image",
          "assetId": "Bvf55rx1jY35WN",
          "checksum": "7d9d291d07acfb2cb22261319727dfdc"
        },
        {
          "type": "image",
          "assetId": "X2InIE3cIc3pLZ",
          "checksum": "3c5467ebf244ebfc0639296ade9f8428"
        },
        {
          "type": "image",
          "assetId": "vued6imsRF86sz",
          "checksum": "4783954f7bdb06c5bfc02cb2ee5e2fd6"
        },
        {
          "type": "image",
          "assetId": "TrL69JCiHmTVX4",
          "checksum": "fb971816556b391de414937af9e93fbc"
        },
        {
          "type": "image",
          "assetId": "9Kn0KfEgiUyWxV",
          "checksum": "03297a2dca0b0954e8634685615915ec"
        },
        {
          "type": "image",
          "assetId": "uJWcqcdlY5qsl9",
          "checksum": "ddf5d89d08c3b8cd2226dee01836e1ef"
        },
        {
          "type": "image",
          "assetId": "lCClfLaAjQlel2",
          "checksum": "f053d4978464d2369651b29268af0565"
        },
        {
          "type": "image",
          "assetId": "jV4mMYUX1cloeb",
          "checksum": "fafced4ce4acc2d84b9e6d76ca38feb7"
        },
        {
          "type": "image",
          "assetId": "eHkLBi2ZIT1oCP",
          "checksum": "e1d93f8526af04a29daa4201a3b6fcd1"
        },
        {
          "type": "image",
          "assetId": "3yNx8rmtGcxJx7",
          "checksum": "c04a425db7b177b4aa468f5de61f3c00"
        },
        {
          "type": "image",
          "assetId": "tQO5u9FS0zkUnm",
          "checksum": "7581beb7cdf6da7911e4a41d42f00dc3"
        },
        {
          "type": "image",
          "assetId": "XjUCppVwIJospi",
          "checksum": "3e62f4e3bf89afab07ae08a8bbb14f07"
        },
        {
          "type": "image",
          "assetId": "IJKUnf_hf6bpQq",
          "checksum": "07d692f60a98447305c7f625620c149f"
        },
        {
          "type": "image",
          "assetId": "HWJnMhSg4G-TAi",
          "checksum": "d00d0dc4f18b3c34cd1ad84743c716c1"
        },
        {
          "type": "image",
          "assetId": "OiwaABbGOLVNsQ",
          "checksum": "e4d3e1f949f20fc911f53cd02ad37833"
        },
        {
          "type": "image",
          "assetId": "yaoR1Q5s70zeCE",
          "checksum": "ded578ed1c88fc7f3bd8ec16f8e7be34"
        },
        {
          "type": "image",
          "assetId": "jCCwvX_mRbLBYp",
          "checksum": "b945a5ad978b54e7466edb5031174138"
        },
        {
          "type": "image",
          "assetId": "MH7PYkvTHv-QPT",
          "checksum": "a9604916e328b553c3f80991907f1da0"
        },
        {
          "type": "image",
          "assetId": "sSVf3Pzs9mT38T",
          "checksum": "faf4db9ee00f150182ce6a1be8cde9df"
        },
        {
          "type": "image",
          "assetId": "YJEct-ERiUxPTa",
          "checksum": "024f14c29fa3c95560afb5a3eaf3bf5b"
        },
        {
          "type": "image",
          "assetId": "_6QapAXeWnAs5K",
          "checksum": "c2e00e8d76f579930593db4481a473bd"
        },
        {
          "type": "image",
          "assetId": "MfKPflt_8v_rV4",
          "checksum": "bf09e0ef991f83dfaa99ecad91b5f3d2"
        },
        {
          "type": "image",
          "assetId": "wyWwLO_y_1uLhh",
          "checksum": "e00f81639a8ff9a6def50ea8599f1413"
        },
        {
          "type": "image",
          "assetId": "NO_FZVg5U3Am8T",
          "checksum": "836603bc3e008dd86b8bf64008704e9d"
        },
        {
          "type": "image",
          "assetId": "JGFzwTT0A8jy6k",
          "checksum": "818441bad9dafc3ac4f2de7dbe6d2e05"
        },
        {
          "type": "image",
          "assetId": "zmB3iAPt5c7CTT",
          "checksum": "5711b2b0109843e1bc1bf8d392ac18b9"
        },
        {
          "type": "image",
          "assetId": "xV1rRuO1HtiCel",
          "checksum": "c7b6b8e26e4845aed03cb26af04b68d5"
        },
        {
          "type": "image",
          "assetId": "H0ZYJslZ-N7G28",
          "checksum": "e5aab13c7e4d48794d2db2e7e36b80fd"
        },
        {
          "type": "image",
          "assetId": "MOT3qo_64Xocur",
          "checksum": "d98ec1a38b41489d7d559d0ab0568b9c"
        },
        {
          "type": "image",
          "assetId": "hdjPMYpy2Ee1_6",
          "checksum": "08f1dd9810e05181f3772425436930d2"
        },
        {
          "type": "image",
          "assetId": "a9VfpyV5blhV5j",
          "checksum": "186c469ee8fdf461e79f962f44409c0c"
        },
        {
          "type": "image",
          "assetId": "tuRJZSChtMbwTI",
          "checksum": "8812a1c8f0a7e8571ae3bc4793975430"
        },
        {
          "type": "image",
          "assetId": "XMe8zZ1dHqapem",
          "checksum": "fee32ec8444a0816a581ba36713f0461"
        },
        {
          "type": "image",
          "assetId": "1dWJT-mZ2h3z0g",
          "checksum": "f3c3ae51a98a84521785a4c9f18be999"
        },
        {
          "type": "image",
          "assetId": "Qk6sxh6ouRgJuc",
          "checksum": "884e1824a5c6dfb6859e7986affde3e4"
        },
        {
          "type": "image",
          "assetId": "Sd9OApwPn_qAyR",
          "checksum": "0216b276cc8dab1972d497c7d72e9040"
        },
        {
          "type": "image",
          "assetId": "-mIBE3brxnwbjh",
          "checksum": "86a59f42ec68fdecfe676df40fde7e08"
        },
        {
          "type": "image",
          "assetId": "gYsB2J0AHQmJhe",
          "checksum": "15d93e4bf98656468626f48050cce853"
        },
        {
          "type": "image",
          "assetId": "0Qx4uZ-kkxmM9q",
          "checksum": "e3456b9ab21004f40f3a6cf07f223029"
        },
        {
          "type": "image",
          "assetId": "fM0VoQr5ELxaok",
          "checksum": "bd26fbe1ca37d9aec5cdbed9407c6634"
        },
        {
          "type": "image",
          "assetId": "d0gMyWUf9HmCng",
          "checksum": "a8baff54381f4a4c600e72938c2f4946"
        },
        {
          "type": "image",
          "assetId": "0VDx5QESAMlrW9",
          "checksum": "a891d2a6027bc23e7781978d9225ccb4"
        },
        {
          "type": "image",
          "assetId": "MhQsX9JvoVxd3p",
          "checksum": "ed03a733e5039e1b2eb7d31800039053"
        },
        {
          "type": "image",
          "assetId": "0n0R9KmbFjGe8z",
          "checksum": "4f5617f7103600f3beaf93837f0878be"
        },
        {
          "type": "image",
          "assetId": "lX4HWhSqRzEMHs",
          "checksum": "a47b58ad87311dd42a06ba94fe9d5173"
        },
        {
          "type": "image",
          "assetId": "gKmFEg2dggfThZ",
          "checksum": "7fa3503ef700082db92af6df00009616"
        },
        {
          "type": "image",
          "assetId": "oAmXGG7HdmFDeY",
          "checksum": "e1148549498ef447984e37ffff220b8d"
        },
        {
          "type": "image",
          "assetId": "BUeErT_i0PF-H7",
          "checksum": "bae81e5e005af1c978f04932010616f8"
        },
        {
          "type": "image",
          "assetId": "qJCyfwWudL4jI1",
          "checksum": "cf732b6d75334dd0bfb2b7c6e77043c5"
        },
        {
          "type": "image",
          "assetId": "gEp5IfxdRH1yGj",
          "checksum": "92f63fdfffa925ff402156100c6ddd13"
        },
        {
          "type": "image",
          "assetId": "C5AesMvWCCtCsp",
          "checksum": "3ee75a352c986ac53215492f3bcee91d"
        },
        {
          "type": "image",
          "assetId": "gIVmuGtaCw8dqE",
          "checksum": "42b6a93c3510bc7ff7671cd7216c4a54"
        },
        {
          "type": "image",
          "assetId": "OcndnYgywBlG3T",
          "checksum": "b5a3b19f0ba7269a372385ecd73cb8d9"
        }
      ],
      "codegenVersion": "0.0.1"
    }
  ],
  "cliVersion": "0.1.188"
}
